
Microsoft Visual Studio Solution File, Format Version 12.00
# Visual Studio 2013
VisualStudioVersion = 12.0.40629.0
MinimumVisualStudioVersion = 10.0.40219.1
Project("{FAE04EC0-301F-11D3-BF4B-00C04F79EFBC}") = "FireChatWebApp", "FireChatWebApp\FireChatWebApp.csproj", "{F8FEFF3F-5E22-48F0-8E31-D0D2D6DFEB3F}"
	ProjectSection(ProjectDependencies) = postProject
		{9CA0169F-BC70-4001-ABFF-2534D95809CD} = {9CA0169F-BC70-4001-ABFF-2534D95809CD}
		{5F4E87D9-714D-46FC-B058-EC2AFB002E15} = {5F4E87D9-714D-46FC-B058-EC2AFB002E15}
	EndProjectSection
EndProject
Project("{FAE04EC0-301F-11D3-BF4B-00C04F79EFBC}") = "FireChatCore", "FireChatCore\FireChatCore.csproj", "{647F84CE-0160-43C2-BD2B-85A4E7D91AB8}"
EndProject
Project("{FAE04EC0-301F-11D3-BF4B-00C04F79EFBC}") = "WCFUsersService", "WCF2ndFireChat\WCFUsersService.csproj", "{5F4E87D9-714D-46FC-B058-EC2AFB002E15}"
	ProjectSection(ProjectDependencies) = postProject
		{647F84CE-0160-43C2-BD2B-85A4E7D91AB8} = {647F84CE-0160-43C2-BD2B-85A4E7D91AB8}
	EndProjectSection
EndProject
Project("{FAE04EC0-301F-11D3-BF4B-00C04F79EFBC}") = "WCFMessagesService", "WCFMessagesService\WCFMessagesService.csproj", "{9CA0169F-BC70-4001-ABFF-2534D95809CD}"
EndProject
Project("{FAE04EC0-301F-11D3-BF4B-00C04F79EFBC}") = "UnitTests", "Slice1UnitTests\UnitTests.csproj", "{AD539A36-0ECD-4EA4-BD59-CF1E84740C8D}"
	ProjectSection(ProjectDependencies) = postProject
		{647F84CE-0160-43C2-BD2B-85A4E7D91AB8} = {647F84CE-0160-43C2-BD2B-85A4E7D91AB8}
	EndProjectSection
EndProject
Project("{2150E333-8FDC-42A3-9474-1A3956D46DE8}") = ".nuget", ".nuget", "{EE598066-09EC-4BF8-B2B5-BDE264A29022}"
	ProjectSection(SolutionItems) = preProject
		.nuget\packages.config = .nuget\packages.config
	EndProjectSection
EndProject
Global
	GlobalSection(SubversionScc) = preSolution
		Svn-Managed = True
		Manager = AnkhSVN - Subversion Support for Visual Studio
	EndGlobalSection
	GlobalSection(SolutionConfigurationPlatforms) = preSolution
		Debug|Any CPU = Debug|Any CPU
		Release|Any CPU = Release|Any CPU
	EndGlobalSection
	GlobalSection(ProjectConfigurationPlatforms) = postSolution
		{F8FEFF3F-5E22-48F0-8E31-D0D2D6DFEB3F}.Debug|Any CPU.ActiveCfg = Debug|Any CPU
		{F8FEFF3F-5E22-48F0-8E31-D0D2D6DFEB3F}.Debug|Any CPU.Build.0 = Debug|Any CPU
		{F8FEFF3F-5E22-48F0-8E31-D0D2D6DFEB3F}.Release|Any CPU.ActiveCfg = Release|Any CPU
		{F8FEFF3F-5E22-48F0-8E31-D0D2D6DFEB3F}.Release|Any CPU.Build.0 = Release|Any CPU
		{647F84CE-0160-43C2-BD2B-85A4E7D91AB8}.Debug|Any CPU.ActiveCfg = Debug|Any CPU
		{647F84CE-0160-43C2-BD2B-85A4E7D91AB8}.Debug|Any CPU.Build.0 = Debug|Any CPU
		{647F84CE-0160-43C2-BD2B-85A4E7D91AB8}.Release|Any CPU.ActiveCfg = Release|Any CPU
		{647F84CE-0160-43C2-BD2B-85A4E7D91AB8}.Release|Any CPU.Build.0 = Release|Any CPU
		{5F4E87D9-714D-46FC-B058-EC2AFB002E15}.Debug|Any CPU.ActiveCfg = Debug|Any CPU
		{5F4E87D9-714D-46FC-B058-EC2AFB002E15}.Debug|Any CPU.Build.0 = Debug|Any CPU
		{5F4E87D9-714D-46FC-B058-EC2AFB002E15}.Release|Any CPU.ActiveCfg = Release|Any CPU
		{5F4E87D9-714D-46FC-B058-EC2AFB002E15}.Release|Any CPU.Build.0 = Release|Any CPU
		{9CA0169F-BC70-4001-ABFF-2534D95809CD}.Debug|Any CPU.ActiveCfg = Debug|Any CPU
		{9CA0169F-BC70-4001-ABFF-2534D95809CD}.Debug|Any CPU.Build.0 = Debug|Any CPU
		{9CA0169F-BC70-4001-ABFF-2534D95809CD}.Release|Any CPU.ActiveCfg = Release|Any CPU
		{9CA0169F-BC70-4001-ABFF-2534D95809CD}.Release|Any CPU.Build.0 = Release|Any CPU
		{AD539A36-0ECD-4EA4-BD59-CF1E84740C8D}.Debug|Any CPU.ActiveCfg = Debug|Any CPU
		{AD539A36-0ECD-4EA4-BD59-CF1E84740C8D}.Debug|Any CPU.Build.0 = Debug|Any CPU
		{AD539A36-0ECD-4EA4-BD59-CF1E84740C8D}.Release|Any CPU.ActiveCfg = Release|Any CPU
		{AD539A36-0ECD-4EA4-BD59-CF1E84740C8D}.Release|Any CPU.Build.0 = Release|Any CPU
	EndGlobalSection
	GlobalSection(SolutionProperties) = preSolution
		HideSolutionNode = FALSE
	EndGlobalSection
EndGlobal
